// !$*UTF8*$!
{
	archiveVersion = 1;
	classes = {
	};
	objectVersion = 46;
	objects = {

/* Begin PBXBuildFile section */
		0AA1718A7A354112BC65E656 /* libPods.a in Frameworks */ = {isa = PBXBuildFile; fileRef = F605C9DFA37A47DBA0EABE49 /* libPods.a */; };
		A2E1F9E11671262B003AF91B /* UIKit.framework in Frameworks */ = {isa = PBXBuildFile; fileRef = A2E1F9E01671262B003AF91B /* UIKit.framework */; };
		A2E1F9E31671262B003AF91B /* Foundation.framework in Frameworks */ = {isa = PBXBuildFile; fileRef = A2E1F9E21671262B003AF91B /* Foundation.framework */; };
		A2E1F9E51671262B003AF91B /* CoreGraphics.framework in Frameworks */ = {isa = PBXBuildFile; fileRef = A2E1F9E41671262B003AF91B /* CoreGraphics.framework */; };
		A2E1F9EB1671262B003AF91B /* InfoPlist.strings in Resources */ = {isa = PBXBuildFile; fileRef = A2E1F9E91671262B003AF91B /* InfoPlist.strings */; };
		A2E1F9ED1671262B003AF91B /* main.m in Sources */ = {isa = PBXBuildFile; fileRef = A2E1F9EC1671262B003AF91B /* main.m */; };
		A2E1F9F11671262B003AF91B /* DPAppDelegate.m in Sources */ = {isa = PBXBuildFile; fileRef = A2E1F9F01671262B003AF91B /* DPAppDelegate.m */; };
		A2E1F9F31671262B003AF91B /* Default.png in Resources */ = {isa = PBXBuildFile; fileRef = A2E1F9F21671262B003AF91B /* Default.png */; };
		A2E1F9F51671262B003AF91B /* Default@2x.png in Resources */ = {isa = PBXBuildFile; fileRef = A2E1F9F41671262B003AF91B /* Default@2x.png */; };
		A2E1F9F71671262B003AF91B /* Default-568h@2x.png in Resources */ = {isa = PBXBuildFile; fileRef = A2E1F9F61671262B003AF91B /* Default-568h@2x.png */; };
		A2E1F9FE16712644003AF91B /* Storyboard.storyboard in Resources */ = {isa = PBXBuildFile; fileRef = A2E1F9FD16712644003AF91B /* Storyboard.storyboard */; };
		A2F9278A16AC2780007905CD /* DPContentElementTableCell.m in Sources */ = {isa = PBXBuildFile; fileRef = A2F9278916AC2780007905CD /* DPContentElementTableCell.m */; };
		A2FDC9F316877E0700005509 /* DPLoginController.m in Sources */ = {isa = PBXBuildFile; fileRef = A2FDC9F216877E0700005509 /* DPLoginController.m */; };
		C558205A44C112A67026CC50 /* DPContentElement.m in Sources */ = {isa = PBXBuildFile; fileRef = C55821B215AA970A4604F618 /* DPContentElement.m */; };
		C558206EDDFD5DAF0BBF922B /* DPRibbonViewController.m in Sources */ = {isa = PBXBuildFile; fileRef = C558296F6C02E832D957F1F4 /* DPRibbonViewController.m */; };
		C558207BF65725E837B5C477 /* DPUserInfoResponse.m in Sources */ = {isa = PBXBuildFile; fileRef = C5582C23CEE43CE0FF026A82 /* DPUserInfoResponse.m */; };
		C5582194C9EC3FD7AABFC092 /* DPUsersListResponse.m in Sources */ = {isa = PBXBuildFile; fileRef = C5582321B7D9400479F821EF /* DPUsersListResponse.m */; };
		C55821CA137A56184A9B0278 /* DPRegisterService.m in Sources */ = {isa = PBXBuildFile; fileRef = C558200083984A9CC61871C1 /* DPRegisterService.m */; };
		C55821D692B6B4D42FBCF6B7 /* DPUserTableCell.m in Sources */ = {isa = PBXBuildFile; fileRef = C55825B9370D57D6DBE4D319 /* DPUserTableCell.m */; };
		C5582290B3EEDD84BA99B1F5 /* DPSendImageService.m in Sources */ = {isa = PBXBuildFile; fileRef = C55824A077CDCFF241104127 /* DPSendImageService.m */; };
		C55822EAB107D2F6E8817805 /* DPFriendsListController.m in Sources */ = {isa = PBXBuildFile; fileRef = C55826DECB144A65064AE633 /* DPFriendsListController.m */; };
		C558230D91CEC912EC43CEC8 /* DPViewControllerWithActionSheet.m in Sources */ = {isa = PBXBuildFile; fileRef = C55821FD0633E32B160519C8 /* DPViewControllerWithActionSheet.m */; };
		C558232AA2AAD41E53CCF359 /* TTImageViewWithDefaultAvatar.m in Sources */ = {isa = PBXBuildFile; fileRef = C5582873C7149EF9643848D4 /* TTImageViewWithDefaultAvatar.m */; };
		C5582360432D68FB28E3BCC1 /* DPLoginService.m in Sources */ = {isa = PBXBuildFile; fileRef = C5582638B4ECABDF9C66432D /* DPLoginService.m */; };
		C55823690BBFAF0705E5B1C1 /* DPUserContentResponse.m in Sources */ = {isa = PBXBuildFile; fileRef = C5582A95D09FFEDD1C86273D /* DPUserContentResponse.m */; };
		C55823AEB1DA7F2D6D495E50 /* DPApplication.m in Sources */ = {isa = PBXBuildFile; fileRef = C55827D19E715280930742B7 /* DPApplication.m */; };
		C558248D9D7A2E7546BA7A43 /* DPFindFriendsController.m in Sources */ = {isa = PBXBuildFile; fileRef = C5582DEB4E3E2A0D06A772C2 /* DPFindFriendsController.m */; };
		C55826C907810792264247DC /* DPUserInfoController.m in Sources */ = {isa = PBXBuildFile; fileRef = C5582A3865CDB5948245A23B /* DPUserInfoController.m */; };
		C55827FE6819E462398AAF35 /* DPHeaderTableCell.m in Sources */ = {isa = PBXBuildFile; fileRef = C558266FAB60233B34EF95B4 /* DPHeaderTableCell.m */; };
		C55828049756BF83BBF0AC89 /* DPAbstractResponse.m in Sources */ = {isa = PBXBuildFile; fileRef = C55825D48E2CDA925A72227C /* DPAbstractResponse.m */; };
		C5582807006FD1ED234FACCB /* DPUIUtils.m in Sources */ = {isa = PBXBuildFile; fileRef = C5582A3CCD455F0FFB09990A /* DPUIUtils.m */; };
		C55828FCB535D2D980DF8403 /* UIImage+fixOrientation.m in Sources */ = {isa = PBXBuildFile; fileRef = C558285F3B9E445B90459C20 /* UIImage+fixOrientation.m */; };
		C5582967082FA40EA403A732 /* DPOperationWithFriendsService.m in Sources */ = {isa = PBXBuildFile; fileRef = C55821AFA95A09EE3313F6F6 /* DPOperationWithFriendsService.m */; };
		C55829F87747505AA1239558 /* DPConstants.m in Sources */ = {isa = PBXBuildFile; fileRef = C5582133AD6613612238F64F /* DPConstants.m */; };
		C5582B01772E3C5A661E5B45 /* DPUser.m in Sources */ = {isa = PBXBuildFile; fileRef = C55824AC5FE1BC2CA66242BC /* DPUser.m */; };
		C5582B6BBF0EB59281A9149D /* DPUserInfo.m in Sources */ = {isa = PBXBuildFile; fileRef = C55826779C405D5DE8D20FA2 /* DPUserInfo.m */; };
		C5582C4D2E6029B4FCC7A027 /* DPSearchUsersService.m in Sources */ = {isa = PBXBuildFile; fileRef = C5582634E2328FF90F4F3ADC /* DPSearchUsersService.m */; };
		C5582C7FCE0911DD300B62ED /* default_avatar_image@2x.jpeg in Resources */ = {isa = PBXBuildFile; fileRef = C5582094B244575CEE1902D7 /* default_avatar_image@2x.jpeg */; };
		C5582E2A593BCAB057E9C317 /* DPGetHomeContentService.m in Sources */ = {isa = PBXBuildFile; fileRef = C558286B83D602D47A4D99F1 /* DPGetHomeContentService.m */; };
		C5582ED47E28BA3DD6B413F3 /* DPFriendsListService.m in Sources */ = {isa = PBXBuildFile; fileRef = C55827FFBC514CECED144BD9 /* DPFriendsListService.m */; };
		C5582ED9517F06F3501E3F37 /* DPFriendContentService.m in Sources */ = {isa = PBXBuildFile; fileRef = C55823BD71D63D4BFB259E34 /* DPFriendContentService.m */; };
		C5582F275D3D950F55DB43E8 /* DPUpdateUserInfoService.m in Sources */ = {isa = PBXBuildFile; fileRef = C55823CABD1026547332DCB7 /* DPUpdateUserInfoService.m */; };
		C5582F5C641F20AFEC242C73 /* DPSendImageResponse.m in Sources */ = {isa = PBXBuildFile; fileRef = C55822978492F73555F3846F /* DPSendImageResponse.m */; };
		C5582FB095AFBE0186EF1696 /* DPAbstractService.m in Sources */ = {isa = PBXBuildFile; fileRef = C55822929EF3BF34D9B07ECC /* DPAbstractService.m */; };
		C5582FB48F25AD8A4F579A35 /* DPFriendViewController.m in Sources */ = {isa = PBXBuildFile; fileRef = C5582ADDC17C124CCC17619E /* DPFriendViewController.m */; };
/* End PBXBuildFile section */

/* Begin PBXFileReference section */
		A2E1F9DC1671262B003AF91B /* DiplomProject.app */ = {isa = PBXFileReference; explicitFileType = wrapper.application; includeInIndex = 0; path = DiplomProject.app; sourceTree = BUILT_PRODUCTS_DIR; };
		A2E1F9E01671262B003AF91B /* UIKit.framework */ = {isa = PBXFileReference; lastKnownFileType = wrapper.framework; name = UIKit.framework; path = System/Library/Frameworks/UIKit.framework; sourceTree = SDKROOT; };
		A2E1F9E21671262B003AF91B /* Foundation.framework */ = {isa = PBXFileReference; lastKnownFileType = wrapper.framework; name = Foundation.framework; path = System/Library/Frameworks/Foundation.framework; sourceTree = SDKROOT; };
		A2E1F9E41671262B003AF91B /* CoreGraphics.framework */ = {isa = PBXFileReference; lastKnownFileType = wrapper.framework; name = CoreGraphics.framework; path = System/Library/Frameworks/CoreGraphics.framework; sourceTree = SDKROOT; };
		A2E1F9E81671262B003AF91B /* DiplomProject-Info.plist */ = {isa = PBXFileReference; lastKnownFileType = text.plist.xml; path = "DiplomProject-Info.plist"; sourceTree = "<group>"; };
		A2E1F9EA1671262B003AF91B /* en */ = {isa = PBXFileReference; lastKnownFileType = text.plist.strings; name = en; path = en.lproj/InfoPlist.strings; sourceTree = "<group>"; };
		A2E1F9EC1671262B003AF91B /* main.m */ = {isa = PBXFileReference; lastKnownFileType = sourcecode.c.objc; path = main.m; sourceTree = "<group>"; };
		A2E1F9EE1671262B003AF91B /* DiplomProject-Prefix.pch */ = {isa = PBXFileReference; lastKnownFileType = sourcecode.c.h; path = "DiplomProject-Prefix.pch"; sourceTree = "<group>"; };
		A2E1F9EF1671262B003AF91B /* DPAppDelegate.h */ = {isa = PBXFileReference; lastKnownFileType = sourcecode.c.h; path = DPAppDelegate.h; sourceTree = "<group>"; };
		A2E1F9F01671262B003AF91B /* DPAppDelegate.m */ = {isa = PBXFileReference; lastKnownFileType = sourcecode.c.objc; path = DPAppDelegate.m; sourceTree = "<group>"; };
		A2E1F9F21671262B003AF91B /* Default.png */ = {isa = PBXFileReference; lastKnownFileType = image.png; path = Default.png; sourceTree = "<group>"; };
		A2E1F9F41671262B003AF91B /* Default@2x.png */ = {isa = PBXFileReference; lastKnownFileType = image.png; path = "Default@2x.png"; sourceTree = "<group>"; };
		A2E1F9F61671262B003AF91B /* Default-568h@2x.png */ = {isa = PBXFileReference; lastKnownFileType = image.png; path = "Default-568h@2x.png"; sourceTree = "<group>"; };
		A2E1F9FD16712644003AF91B /* Storyboard.storyboard */ = {isa = PBXFileReference; fileEncoding = 4; lastKnownFileType = file.storyboard; path = Storyboard.storyboard; sourceTree = "<group>"; };
		A2F9278816AC2780007905CD /* DPContentElementTableCell.h */ = {isa = PBXFileReference; fileEncoding = 4; lastKnownFileType = sourcecode.c.h; path = DPContentElementTableCell.h; sourceTree = "<group>"; };
		A2F9278916AC2780007905CD /* DPContentElementTableCell.m */ = {isa = PBXFileReference; fileEncoding = 4; lastKnownFileType = sourcecode.c.objc; path = DPContentElementTableCell.m; sourceTree = "<group>"; };
		A2FDC9F116877E0700005509 /* DPLoginController.h */ = {isa = PBXFileReference; fileEncoding = 4; lastKnownFileType = sourcecode.c.h; path = DPLoginController.h; sourceTree = "<group>"; };
		A2FDC9F216877E0700005509 /* DPLoginController.m */ = {isa = PBXFileReference; fileEncoding = 4; lastKnownFileType = sourcecode.c.objc; path = DPLoginController.m; sourceTree = "<group>"; };
		C558200083984A9CC61871C1 /* DPRegisterService.m */ = {isa = PBXFileReference; fileEncoding = 4; lastKnownFileType = sourcecode.c.objc; path = DPRegisterService.m; sourceTree = "<group>"; };
		C558200E212ED98A2A174824 /* DPUserTableCell.h */ = {isa = PBXFileReference; fileEncoding = 4; lastKnownFileType = sourcecode.c.h; path = DPUserTableCell.h; sourceTree = "<group>"; };
		C55820773C7C6C6F6538077B /* DPFriendViewController.h */ = {isa = PBXFileReference; fileEncoding = 4; lastKnownFileType = sourcecode.c.h; path = DPFriendViewController.h; sourceTree = "<group>"; };
		C5582094B244575CEE1902D7 /* default_avatar_image@2x.jpeg */ = {isa = PBXFileReference; lastKnownFileType = image.jpeg; path = "default_avatar_image@2x.jpeg"; sourceTree = "<group>"; };
		C55820EA1786BCBEDCF1832F /* DPApplication.h */ = {isa = PBXFileReference; fileEncoding = 4; lastKnownFileType = sourcecode.c.h; path = DPApplication.h; sourceTree = "<group>"; };
		C5582133AD6613612238F64F /* DPConstants.m */ = {isa = PBXFileReference; fileEncoding = 4; lastKnownFileType = sourcecode.c.objc; path = DPConstants.m; sourceTree = "<group>"; };
		C55821641080AB42F9BA41FD /* DPFriendsListController.h */ = {isa = PBXFileReference; fileEncoding = 4; lastKnownFileType = sourcecode.c.h; path = DPFriendsListController.h; sourceTree = "<group>"; };
		C558217A9E300F534BA437CB /* DPConstants.h */ = {isa = PBXFileReference; fileEncoding = 4; lastKnownFileType = sourcecode.c.h; path = DPConstants.h; sourceTree = "<group>"; };
		C55821AFA95A09EE3313F6F6 /* DPOperationWithFriendsService.m */ = {isa = PBXFileReference; fileEncoding = 4; lastKnownFileType = sourcecode.c.objc; path = DPOperationWithFriendsService.m; sourceTree = "<group>"; };
		C55821B215AA970A4604F618 /* DPContentElement.m */ = {isa = PBXFileReference; fileEncoding = 4; lastKnownFileType = sourcecode.c.objc; path = DPContentElement.m; sourceTree = "<group>"; };
		C55821FD0633E32B160519C8 /* DPViewControllerWithActionSheet.m */ = {isa = PBXFileReference; fileEncoding = 4; lastKnownFileType = sourcecode.c.objc; path = DPViewControllerWithActionSheet.m; sourceTree = "<group>"; };
		C55822929EF3BF34D9B07ECC /* DPAbstractService.m */ = {isa = PBXFileReference; fileEncoding = 4; lastKnownFileType = sourcecode.c.objc; path = DPAbstractService.m; sourceTree = "<group>"; };
		C55822978492F73555F3846F /* DPSendImageResponse.m */ = {isa = PBXFileReference; fileEncoding = 4; lastKnownFileType = sourcecode.c.objc; path = DPSendImageResponse.m; sourceTree = "<group>"; };
		C5582321B7D9400479F821EF /* DPUsersListResponse.m */ = {isa = PBXFileReference; fileEncoding = 4; lastKnownFileType = sourcecode.c.objc; path = DPUsersListResponse.m; sourceTree = "<group>"; };
		C5582336220C566F790ADDA6 /* DPUserInfoResponse.h */ = {isa = PBXFileReference; fileEncoding = 4; lastKnownFileType = sourcecode.c.h; path = DPUserInfoResponse.h; sourceTree = "<group>"; };
		C5582341D53E7762D17EE587 /* DPHeaderTableCell.h */ = {isa = PBXFileReference; fileEncoding = 4; lastKnownFileType = sourcecode.c.h; path = DPHeaderTableCell.h; sourceTree = "<group>"; };
		C55823BD71D63D4BFB259E34 /* DPFriendContentService.m */ = {isa = PBXFileReference; fileEncoding = 4; lastKnownFileType = sourcecode.c.objc; path = DPFriendContentService.m; sourceTree = "<group>"; };
		C55823CABD1026547332DCB7 /* DPUpdateUserInfoService.m */ = {isa = PBXFileReference; fileEncoding = 4; lastKnownFileType = sourcecode.c.objc; path = DPUpdateUserInfoService.m; sourceTree = "<group>"; };
		C5582496C3A864B2F09C2712 /* DPSendImageResponse.h */ = {isa = PBXFileReference; fileEncoding = 4; lastKnownFileType = sourcecode.c.h; path = DPSendImageResponse.h; sourceTree = "<group>"; };
		C55824A035EDA4D366EBF18A /* DPFriendContentService.h */ = {isa = PBXFileReference; fileEncoding = 4; lastKnownFileType = sourcecode.c.h; path = DPFriendContentService.h; sourceTree = "<group>"; };
		C55824A077CDCFF241104127 /* DPSendImageService.m */ = {isa = PBXFileReference; fileEncoding = 4; lastKnownFileType = sourcecode.c.objc; path = DPSendImageService.m; sourceTree = "<group>"; };
		C55824AC5FE1BC2CA66242BC /* DPUser.m */ = {isa = PBXFileReference; fileEncoding = 4; lastKnownFileType = sourcecode.c.objc; path = DPUser.m; sourceTree = "<group>"; };
		C55824F09FA94831D087A001 /* DPLoginService.h */ = {isa = PBXFileReference; fileEncoding = 4; lastKnownFileType = sourcecode.c.h; path = DPLoginService.h; sourceTree = "<group>"; };
		C558254EA591760A41D643DB /* DPFriendsListService.h */ = {isa = PBXFileReference; fileEncoding = 4; lastKnownFileType = sourcecode.c.h; path = DPFriendsListService.h; sourceTree = "<group>"; };
		C55825B9370D57D6DBE4D319 /* DPUserTableCell.m */ = {isa = PBXFileReference; fileEncoding = 4; lastKnownFileType = sourcecode.c.objc; path = DPUserTableCell.m; sourceTree = "<group>"; };
		C55825D48E2CDA925A72227C /* DPAbstractResponse.m */ = {isa = PBXFileReference; fileEncoding = 4; lastKnownFileType = sourcecode.c.objc; path = DPAbstractResponse.m; sourceTree = "<group>"; };
		C558260B1B50A5074F819DC4 /* DPUpdateUserInfoService.h */ = {isa = PBXFileReference; fileEncoding = 4; lastKnownFileType = sourcecode.c.h; path = DPUpdateUserInfoService.h; sourceTree = "<group>"; };
		C5582634E2328FF90F4F3ADC /* DPSearchUsersService.m */ = {isa = PBXFileReference; fileEncoding = 4; lastKnownFileType = sourcecode.c.objc; path = DPSearchUsersService.m; sourceTree = "<group>"; };
		C5582638B4ECABDF9C66432D /* DPLoginService.m */ = {isa = PBXFileReference; fileEncoding = 4; lastKnownFileType = sourcecode.c.objc; path = DPLoginService.m; sourceTree = "<group>"; };
		C558266FAB60233B34EF95B4 /* DPHeaderTableCell.m */ = {isa = PBXFileReference; fileEncoding = 4; lastKnownFileType = sourcecode.c.objc; path = DPHeaderTableCell.m; sourceTree = "<group>"; };
		C55826779C405D5DE8D20FA2 /* DPUserInfo.m */ = {isa = PBXFileReference; fileEncoding = 4; lastKnownFileType = sourcecode.c.objc; path = DPUserInfo.m; sourceTree = "<group>"; };
		C55826DECB144A65064AE633 /* DPFriendsListController.m */ = {isa = PBXFileReference; fileEncoding = 4; lastKnownFileType = sourcecode.c.objc; path = DPFriendsListController.m; sourceTree = "<group>"; };
		C558272D2F4C8402FE6868D5 /* DPAbstractService.h */ = {isa = PBXFileReference; fileEncoding = 4; lastKnownFileType = sourcecode.c.h; path = DPAbstractService.h; sourceTree = "<group>"; };
		C55827D19E715280930742B7 /* DPApplication.m */ = {isa = PBXFileReference; fileEncoding = 4; lastKnownFileType = sourcecode.c.objc; path = DPApplication.m; sourceTree = "<group>"; };
		C55827FFBC514CECED144BD9 /* DPFriendsListService.m */ = {isa = PBXFileReference; fileEncoding = 4; lastKnownFileType = sourcecode.c.objc; path = DPFriendsListService.m; sourceTree = "<group>"; };
		C5582802CB944F4773311DDF /* DPFindFriendsController.h */ = {isa = PBXFileReference; fileEncoding = 4; lastKnownFileType = sourcecode.c.h; path = DPFindFriendsController.h; sourceTree = "<group>"; };
		C558285F3B9E445B90459C20 /* UIImage+fixOrientation.m */ = {isa = PBXFileReference; fileEncoding = 4; lastKnownFileType = sourcecode.c.objc; path = "UIImage+fixOrientation.m"; sourceTree = "<group>"; };
		C558286B83D602D47A4D99F1 /* DPGetHomeContentService.m */ = {isa = PBXFileReference; fileEncoding = 4; lastKnownFileType = sourcecode.c.objc; path = DPGetHomeContentService.m; sourceTree = "<group>"; };
		C5582873C7149EF9643848D4 /* TTImageViewWithDefaultAvatar.m */ = {isa = PBXFileReference; fileEncoding = 4; lastKnownFileType = sourcecode.c.objc; path = TTImageViewWithDefaultAvatar.m; sourceTree = "<group>"; };
		C558289ECD0037A1FEA6105A /* DPUserInfoController.h */ = {isa = PBXFileReference; fileEncoding = 4; lastKnownFileType = sourcecode.c.h; path = DPUserInfoController.h; sourceTree = "<group>"; };
		C55828AA0A60DAEA2E6631DE /* DPSearchUsersService.h */ = {isa = PBXFileReference; fileEncoding = 4; lastKnownFileType = sourcecode.c.h; path = DPSearchUsersService.h; sourceTree = "<group>"; };
		C55828AF0545673C32043124 /* DPAbstractResponse.h */ = {isa = PBXFileReference; fileEncoding = 4; lastKnownFileType = sourcecode.c.h; path = DPAbstractResponse.h; sourceTree = "<group>"; };
		C55828DF19ABCE8AAFB0F5FF /* DPUIUtils.h */ = {isa = PBXFileReference; fileEncoding = 4; lastKnownFileType = sourcecode.c.h; path = DPUIUtils.h; sourceTree = "<group>"; };
		C558290CB3AA00FF63A127FA /* DPRibbonViewController.h */ = {isa = PBXFileReference; fileEncoding = 4; lastKnownFileType = sourcecode.c.h; path = DPRibbonViewController.h; sourceTree = "<group>"; };
		C558296F6C02E832D957F1F4 /* DPRibbonViewController.m */ = {isa = PBXFileReference; fileEncoding = 4; lastKnownFileType = sourcecode.c.objc; path = DPRibbonViewController.m; sourceTree = "<group>"; };
		C558298D514D1286A1365AF9 /* DPUserInfo.h */ = {isa = PBXFileReference; fileEncoding = 4; lastKnownFileType = sourcecode.c.h; path = DPUserInfo.h; sourceTree = "<group>"; };
		C55829C0E0B7DE623CD76650 /* TTImageViewWithDefaultAvatar.h */ = {isa = PBXFileReference; fileEncoding = 4; lastKnownFileType = sourcecode.c.h; path = TTImageViewWithDefaultAvatar.h; sourceTree = "<group>"; };
		C5582A3865CDB5948245A23B /* DPUserInfoController.m */ = {isa = PBXFileReference; fileEncoding = 4; lastKnownFileType = sourcecode.c.objc; path = DPUserInfoController.m; sourceTree = "<group>"; };
		C5582A3CCD455F0FFB09990A /* DPUIUtils.m */ = {isa = PBXFileReference; fileEncoding = 4; lastKnownFileType = sourcecode.c.objc; path = DPUIUtils.m; sourceTree = "<group>"; };
		C5582A40B4B26AF89C7461F5 /* DPGetHomeContentService.h */ = {isa = PBXFileReference; fileEncoding = 4; lastKnownFileType = sourcecode.c.h; path = DPGetHomeContentService.h; sourceTree = "<group>"; };
		C5582A95698868523366015A /* DPUserContentResponse.h */ = {isa = PBXFileReference; fileEncoding = 4; lastKnownFileType = sourcecode.c.h; path = DPUserContentResponse.h; sourceTree = "<group>"; };
		C5582A95D09FFEDD1C86273D /* DPUserContentResponse.m */ = {isa = PBXFileReference; fileEncoding = 4; lastKnownFileType = sourcecode.c.objc; path = DPUserContentResponse.m; sourceTree = "<group>"; };
		C5582AA17D51C131B6F3447F /* DPViewControllerWithActionSheet.h */ = {isa = PBXFileReference; fileEncoding = 4; lastKnownFileType = sourcecode.c.h; path = DPViewControllerWithActionSheet.h; sourceTree = "<group>"; };
		C5582ADDC17C124CCC17619E /* DPFriendViewController.m */ = {isa = PBXFileReference; fileEncoding = 4; lastKnownFileType = sourcecode.c.objc; path = DPFriendViewController.m; sourceTree = "<group>"; };
		C5582B65F57F666E6F845923 /* UIImage+fixOrientation.h */ = {isa = PBXFileReference; fileEncoding = 4; lastKnownFileType = sourcecode.c.h; path = "UIImage+fixOrientation.h"; sourceTree = "<group>"; };
		C5582B981F47708A9B5ADA43 /* DPUsersListResponse.h */ = {isa = PBXFileReference; fileEncoding = 4; lastKnownFileType = sourcecode.c.h; path = DPUsersListResponse.h; sourceTree = "<group>"; };
		C5582C23CEE43CE0FF026A82 /* DPUserInfoResponse.m */ = {isa = PBXFileReference; fileEncoding = 4; lastKnownFileType = sourcecode.c.objc; path = DPUserInfoResponse.m; sourceTree = "<group>"; };
		C5582CF5D3E60330887F2409 /* DPContentElement.h */ = {isa = PBXFileReference; fileEncoding = 4; lastKnownFileType = sourcecode.c.h; path = DPContentElement.h; sourceTree = "<group>"; };
		C5582D04A3C78A95B0A246C9 /* DPSendImageService.h */ = {isa = PBXFileReference; fileEncoding = 4; lastKnownFileType = sourcecode.c.h; path = DPSendImageService.h; sourceTree = "<group>"; };
		C5582DA15C3E50EFBE292B60 /* DPUser.h */ = {isa = PBXFileReference; fileEncoding = 4; lastKnownFileType = sourcecode.c.h; path = DPUser.h; sourceTree = "<group>"; };
		C5582DAAF2FE856FCF80EABF /* DPRegisterService.h */ = {isa = PBXFileReference; fileEncoding = 4; lastKnownFileType = sourcecode.c.h; path = DPRegisterService.h; sourceTree = "<group>"; };
		C5582DEB4E3E2A0D06A772C2 /* DPFindFriendsController.m */ = {isa = PBXFileReference; fileEncoding = 4; lastKnownFileType = sourcecode.c.objc; path = DPFindFriendsController.m; sourceTree = "<group>"; };
		C5582FEB88B4AA341E75F230 /* DPOperationWithFriendsService.h */ = {isa = PBXFileReference; fileEncoding = 4; lastKnownFileType = sourcecode.c.h; path = DPOperationWithFriendsService.h; sourceTree = "<group>"; };
		E4FD452BDBDE47F68CEC64C0 /* Pods.xcconfig */ = {isa = PBXFileReference; includeInIndex = 1; lastKnownFileType = text.xcconfig; name = Pods.xcconfig; path = Pods/Pods.xcconfig; sourceTree = SOURCE_ROOT; };
		F605C9DFA37A47DBA0EABE49 /* libPods.a */ = {isa = PBXFileReference; explicitFileType = archive.ar; includeInIndex = 0; path = libPods.a; sourceTree = BUILT_PRODUCTS_DIR; };
/* End PBXFileReference section */

/* Begin PBXFrameworksBuildPhase section */
		A2E1F9D91671262B003AF91B /* Frameworks */ = {
			isa = PBXFrameworksBuildPhase;
			buildActionMask = 2147483647;
			files = (
				A2E1F9E11671262B003AF91B /* UIKit.framework in Frameworks */,
				A2E1F9E31671262B003AF91B /* Foundation.framework in Frameworks */,
				A2E1F9E51671262B003AF91B /* CoreGraphics.framework in Frameworks */,
				0AA1718A7A354112BC65E656 /* libPods.a in Frameworks */,
			);
			runOnlyForDeploymentPostprocessing = 0;
		};
/* End PBXFrameworksBuildPhase section */

/* Begin PBXGroup section */
		A2E1F9D11671262B003AF91B = {
			isa = PBXGroup;
			children = (
				A2E1F9E61671262B003AF91B /* DiplomProject */,
				A2E1F9DF1671262B003AF91B /* Frameworks */,
				A2E1F9DD1671262B003AF91B /* Products */,
				E4FD452BDBDE47F68CEC64C0 /* Pods.xcconfig */,
			);
			sourceTree = "<group>";
		};
		A2E1F9DD1671262B003AF91B /* Products */ = {
			isa = PBXGroup;
			children = (
				A2E1F9DC1671262B003AF91B /* DiplomProject.app */,
			);
			name = Products;
			sourceTree = "<group>";
		};
		A2E1F9DF1671262B003AF91B /* Frameworks */ = {
			isa = PBXGroup;
			children = (
				A2E1F9E01671262B003AF91B /* UIKit.framework */,
				A2E1F9E21671262B003AF91B /* Foundation.framework */,
				A2E1F9E41671262B003AF91B /* CoreGraphics.framework */,
				F605C9DFA37A47DBA0EABE49 /* libPods.a */,
			);
			name = Frameworks;
			sourceTree = "<group>";
		};
		A2E1F9E61671262B003AF91B /* DiplomProject */ = {
			isa = PBXGroup;
			children = (
				A2E1F9EF1671262B003AF91B /* DPAppDelegate.h */,
				A2E1F9FD16712644003AF91B /* Storyboard.storyboard */,
				A2E1F9F01671262B003AF91B /* DPAppDelegate.m */,
				A2E1FA3716712CC2003AF91B /* Controllers */,
				A2E1F9E71671262B003AF91B /* Supporting Files */,
				C5582A8006889632E5AC3E9B /* Utils */,
				C55822925A8D9FAFA0DB86D7 /* Services */,
				C5582E2062FA0DB7B323D8D5 /* Responses */,
				C55829842D5CFB7BE24C3F6C /* Components */,
				C5582ECF18F843EF530F818B /* Models */,
			);
			path = DiplomProject;
			sourceTree = "<group>";
		};
		A2E1F9E71671262B003AF91B /* Supporting Files */ = {
			isa = PBXGroup;
			children = (
				A2E1F9E81671262B003AF91B /* DiplomProject-Info.plist */,
				A2E1F9E91671262B003AF91B /* InfoPlist.strings */,
				A2E1F9EC1671262B003AF91B /* main.m */,
				A2E1F9EE1671262B003AF91B /* DiplomProject-Prefix.pch */,
				A2E1F9F21671262B003AF91B /* Default.png */,
				A2E1F9F41671262B003AF91B /* Default@2x.png */,
				A2E1F9F61671262B003AF91B /* Default-568h@2x.png */,
				C558221F46DB0D5E1FB804BE /* images */,
			);
			name = "Supporting Files";
			sourceTree = "<group>";
		};
		A2E1FA3716712CC2003AF91B /* Controllers */ = {
			isa = PBXGroup;
			children = (
				A2FDC9F116877E0700005509 /* DPLoginController.h */,
				A2FDC9F216877E0700005509 /* DPLoginController.m */,
				C5582A3865CDB5948245A23B /* DPUserInfoController.m */,
				C558289ECD0037A1FEA6105A /* DPUserInfoController.h */,
				C55821FD0633E32B160519C8 /* DPViewControllerWithActionSheet.m */,
				C5582AA17D51C131B6F3447F /* DPViewControllerWithActionSheet.h */,
				C558296F6C02E832D957F1F4 /* DPRibbonViewController.m */,
				C558290CB3AA00FF63A127FA /* DPRibbonViewController.h */,
				C5582ADDC17C124CCC17619E /* DPFriendViewController.m */,
				C55820773C7C6C6F6538077B /* DPFriendViewController.h */,
				C55826DECB144A65064AE633 /* DPFriendsListController.m */,
				C55821641080AB42F9BA41FD /* DPFriendsListController.h */,
				C5582DEB4E3E2A0D06A772C2 /* DPFindFriendsController.m */,
				C5582802CB944F4773311DDF /* DPFindFriendsController.h */,
			);
			name = Controllers;
			sourceTree = "<group>";
		};
		C558221F46DB0D5E1FB804BE /* images */ = {
			isa = PBXGroup;
			children = (
				C5582094B244575CEE1902D7 /* default_avatar_image@2x.jpeg */,
			);
			name = images;
			sourceTree = "<group>";
		};
		C55822925A8D9FAFA0DB86D7 /* Services */ = {
			isa = PBXGroup;
			children = (
				C55822929EF3BF34D9B07ECC /* DPAbstractService.m */,
				C558272D2F4C8402FE6868D5 /* DPAbstractService.h */,
				C5582638B4ECABDF9C66432D /* DPLoginService.m */,
				C55824F09FA94831D087A001 /* DPLoginService.h */,
				C55824A077CDCFF241104127 /* DPSendImageService.m */,
				C5582D04A3C78A95B0A246C9 /* DPSendImageService.h */,
				C558200083984A9CC61871C1 /* DPRegisterService.m */,
				C5582DAAF2FE856FCF80EABF /* DPRegisterService.h */,
				C55823CABD1026547332DCB7 /* DPUpdateUserInfoService.m */,
				C558260B1B50A5074F819DC4 /* DPUpdateUserInfoService.h */,
				C558286B83D602D47A4D99F1 /* DPGetHomeContentService.m */,
				C5582A40B4B26AF89C7461F5 /* DPGetHomeContentService.h */,
				C55823BD71D63D4BFB259E34 /* DPFriendContentService.m */,
				C55824A035EDA4D366EBF18A /* DPFriendContentService.h */,
				C55827FFBC514CECED144BD9 /* DPFriendsListService.m */,
				C558254EA591760A41D643DB /* DPFriendsListService.h */,
				C5582634E2328FF90F4F3ADC /* DPSearchUsersService.m */,
				C55828AA0A60DAEA2E6631DE /* DPSearchUsersService.h */,
				C55821AFA95A09EE3313F6F6 /* DPOperationWithFriendsService.m */,
				C5582FEB88B4AA341E75F230 /* DPOperationWithFriendsService.h */,
			);
			path = Services;
			sourceTree = "<group>";
		};
		C55829842D5CFB7BE24C3F6C /* Components */ = {
			isa = PBXGroup;
			children = (
				C55826779C405D5DE8D20FA2 /* DPUserInfo.m */,
				C558298D514D1286A1365AF9 /* DPUserInfo.h */,
				C558266FAB60233B34EF95B4 /* DPHeaderTableCell.m */,
				C5582341D53E7762D17EE587 /* DPHeaderTableCell.h */,
				A2F9278816AC2780007905CD /* DPContentElementTableCell.h */,
				A2F9278916AC2780007905CD /* DPContentElementTableCell.m */,
				C55825B9370D57D6DBE4D319 /* DPUserTableCell.m */,
				C558200E212ED98A2A174824 /* DPUserTableCell.h */,
				C5582873C7149EF9643848D4 /* TTImageViewWithDefaultAvatar.m */,
				C55829C0E0B7DE623CD76650 /* TTImageViewWithDefaultAvatar.h */,
			);
			path = Components;
			sourceTree = "<group>";
		};
		C5582A8006889632E5AC3E9B /* Utils */ = {
			isa = PBXGroup;
			children = (
				C5582A3CCD455F0FFB09990A /* DPUIUtils.m */,
				C55828DF19ABCE8AAFB0F5FF /* DPUIUtils.h */,
				C5582133AD6613612238F64F /* DPConstants.m */,
				C558217A9E300F534BA437CB /* DPConstants.h */,
				C55827D19E715280930742B7 /* DPApplication.m */,
				C55820EA1786BCBEDCF1832F /* DPApplication.h */,
				C558285F3B9E445B90459C20 /* UIImage+fixOrientation.m */,
				C5582B65F57F666E6F845923 /* UIImage+fixOrientation.h */,
			);
			path = Utils;
			sourceTree = "<group>";
		};
		C5582E2062FA0DB7B323D8D5 /* Responses */ = {
			isa = PBXGroup;
			children = (
				C55828AF0545673C32043124 /* DPAbstractResponse.h */,
				C55825D48E2CDA925A72227C /* DPAbstractResponse.m */,
				C5582C23CEE43CE0FF026A82 /* DPUserInfoResponse.m */,
				C5582336220C566F790ADDA6 /* DPUserInfoResponse.h */,
				C55822978492F73555F3846F /* DPSendImageResponse.m */,
				C5582496C3A864B2F09C2712 /* DPSendImageResponse.h */,
				C5582A95D09FFEDD1C86273D /* DPUserContentResponse.m */,
				C5582A95698868523366015A /* DPUserContentResponse.h */,
				C5582321B7D9400479F821EF /* DPUsersListResponse.m */,
				C5582B981F47708A9B5ADA43 /* DPUsersListResponse.h */,
			);
			path = Responses;
			sourceTree = "<group>";
		};
		C5582ECF18F843EF530F818B /* Models */ = {
			isa = PBXGroup;
			children = (
				C55824AC5FE1BC2CA66242BC /* DPUser.m */,
				C5582DA15C3E50EFBE292B60 /* DPUser.h */,
				C5582CF5D3E60330887F2409 /* DPContentElement.h */,
				C55821B215AA970A4604F618 /* DPContentElement.m */,
			);
			path = Models;
			sourceTree = "<group>";
		};
/* End PBXGroup section */

/* Begin PBXNativeTarget section */
		A2E1F9DB1671262B003AF91B /* DiplomProject */ = {
			isa = PBXNativeTarget;
			buildConfigurationList = A2E1F9FA1671262B003AF91B /* Build configuration list for PBXNativeTarget "DiplomProject" */;
			buildPhases = (
				A2E1F9D81671262B003AF91B /* Sources */,
				A2E1F9D91671262B003AF91B /* Frameworks */,
				A2E1F9DA1671262B003AF91B /* Resources */,
				DF40667167094538B1D99829 /* Copy Pods Resources */,
			);
			buildRules = (
			);
			dependencies = (
			);
			name = DiplomProject;
			productName = DiplomProject;
			productReference = A2E1F9DC1671262B003AF91B /* DiplomProject.app */;
			productType = "com.apple.product-type.application";
		};
/* End PBXNativeTarget section */

/* Begin PBXProject section */
		A2E1F9D31671262B003AF91B /* Project object */ = {
			isa = PBXProject;
			attributes = {
				CLASSPREFIX = DP;
				LastUpgradeCheck = 0450;
				ORGANIZATIONNAME = home;
			};
			buildConfigurationList = A2E1F9D61671262B003AF91B /* Build configuration list for PBXProject "DiplomProject" */;
			compatibilityVersion = "Xcode 3.2";
			developmentRegion = English;
			hasScannedForEncodings = 0;
			knownRegions = (
				en,
			);
			mainGroup = A2E1F9D11671262B003AF91B;
			productRefGroup = A2E1F9DD1671262B003AF91B /* Products */;
			projectDirPath = "";
			projectRoot = "";
			targets = (
				A2E1F9DB1671262B003AF91B /* DiplomProject */,
			);
		};
/* End PBXProject section */

/* Begin PBXResourcesBuildPhase section */
		A2E1F9DA1671262B003AF91B /* Resources */ = {
			isa = PBXResourcesBuildPhase;
			buildActionMask = 2147483647;
			files = (
				A2E1F9EB1671262B003AF91B /* InfoPlist.strings in Resources */,
				A2E1F9F31671262B003AF91B /* Default.png in Resources */,
				A2E1F9F51671262B003AF91B /* Default@2x.png in Resources */,
				A2E1F9F71671262B003AF91B /* Default-568h@2x.png in Resources */,
				A2E1F9FE16712644003AF91B /* Storyboard.storyboard in Resources */,
				C5582C7FCE0911DD300B62ED /* default_avatar_image@2x.jpeg in Resources */,
			);
			runOnlyForDeploymentPostprocessing = 0;
		};
/* End PBXResourcesBuildPhase section */

/* Begin PBXShellScriptBuildPhase section */
		DF40667167094538B1D99829 /* Copy Pods Resources */ = {
			isa = PBXShellScriptBuildPhase;
			buildActionMask = 2147483647;
			files = (
			);
			inputPaths = (
			);
			name = "Copy Pods Resources";
			outputPaths = (
			);
			runOnlyForDeploymentPostprocessing = 0;
			shellPath = /bin/sh;
			shellScript = "\"${SRCROOT}/Pods/Pods-resources.sh\"\n";
		};
/* End PBXShellScriptBuildPhase section */

/* Begin PBXSourcesBuildPhase section */
		A2E1F9D81671262B003AF91B /* Sources */ = {
			isa = PBXSourcesBuildPhase;
			buildActionMask = 2147483647;
			files = (
				A2E1F9ED1671262B003AF91B /* main.m in Sources */,
				A2E1F9F11671262B003AF91B /* DPAppDelegate.m in Sources */,
				C5582807006FD1ED234FACCB /* DPUIUtils.m in Sources */,
				A2FDC9F316877E0700005509 /* DPLoginController.m in Sources */,
				C5582FB095AFBE0186EF1696 /* DPAbstractService.m in Sources */,
				C55828049756BF83BBF0AC89 /* DPAbstractResponse.m in Sources */,
				C55829F87747505AA1239558 /* DPConstants.m in Sources */,
				C5582360432D68FB28E3BCC1 /* DPLoginService.m in Sources */,
				C558207BF65725E837B5C477 /* DPUserInfoResponse.m in Sources */,
				C5582290B3EEDD84BA99B1F5 /* DPSendImageService.m in Sources */,
				C5582F5C641F20AFEC242C73 /* DPSendImageResponse.m in Sources */,
				C55823AEB1DA7F2D6D495E50 /* DPApplication.m in Sources */,
				C55821CA137A56184A9B0278 /* DPRegisterService.m in Sources */,
				C5582B6BBF0EB59281A9149D /* DPUserInfo.m in Sources */,
				C55826C907810792264247DC /* DPUserInfoController.m in Sources */,
				C5582F275D3D950F55DB43E8 /* DPUpdateUserInfoService.m in Sources */,
				C558230D91CEC912EC43CEC8 /* DPViewControllerWithActionSheet.m in Sources */,
				C55828FCB535D2D980DF8403 /* UIImage+fixOrientation.m in Sources */,
				C558206EDDFD5DAF0BBF922B /* DPRibbonViewController.m in Sources */,
				C55827FE6819E462398AAF35 /* DPHeaderTableCell.m in Sources */,
				A2F9278A16AC2780007905CD /* DPContentElementTableCell.m in Sources */,
				C5582E2A593BCAB057E9C317 /* DPGetHomeContentService.m in Sources */,
				C55823690BBFAF0705E5B1C1 /* DPUserContentResponse.m in Sources */,
				C558205A44C112A67026CC50 /* DPContentElement.m in Sources */,
				C5582FB48F25AD8A4F579A35 /* DPFriendViewController.m in Sources */,
				C5582ED9517F06F3501E3F37 /* DPFriendContentService.m in Sources */,
				C55821D692B6B4D42FBCF6B7 /* DPUserTableCell.m in Sources */,
				C5582ED47E28BA3DD6B413F3 /* DPFriendsListService.m in Sources */,
				C5582B01772E3C5A661E5B45 /* DPUser.m in Sources */,
				C5582194C9EC3FD7AABFC092 /* DPUsersListResponse.m in Sources */,
				C55822EAB107D2F6E8817805 /* DPFriendsListController.m in Sources */,
				C558232AA2AAD41E53CCF359 /* TTImageViewWithDefaultAvatar.m in Sources */,
				C558248D9D7A2E7546BA7A43 /* DPFindFriendsController.m in Sources */,
				C5582C4D2E6029B4FCC7A027 /* DPSearchUsersService.m in Sources */,
				C5582967082FA40EA403A732 /* DPOperationWithFriendsService.m in Sources */,
			);
			runOnlyForDeploymentPostprocessing = 0;
		};
/* End PBXSourcesBuildPhase section */

/* Begin PBXVariantGroup section */
		A2E1F9E91671262B003AF91B /* InfoPlist.strings */ = {
			isa = PBXVariantGroup;
			children = (
				A2E1F9EA1671262B003AF91B /* en */,
			);
			name = InfoPlist.strings;
			sourceTree = "<group>";
		};
/* End PBXVariantGroup section */

/* Begin XCBuildConfiguration section */
		A2E1F9F81671262B003AF91B /* Debug */ = {
			isa = XCBuildConfiguration;
			buildSettings = {
				ALWAYS_SEARCH_USER_PATHS = NO;
				CLANG_CXX_LANGUAGE_STANDARD = "gnu++0x";
				CLANG_CXX_LIBRARY = "libc++";
				CLANG_ENABLE_OBJC_ARC = YES;
				CLANG_WARN_EMPTY_BODY = YES;
				CLANG_WARN__DUPLICATE_METHOD_MATCH = YES;
				"CODE_SIGN_IDENTITY[sdk=iphoneos*]" = "iPhone Developer";
				COPY_PHASE_STRIP = NO;
				GCC_C_LANGUAGE_STANDARD = gnu99;
				GCC_DYNAMIC_NO_PIC = NO;
				GCC_OPTIMIZATION_LEVEL = 0;
				GCC_PREPROCESSOR_DEFINITIONS = (
					"DEBUG=1",
					"$(inherited)",
				);
				GCC_SYMBOLS_PRIVATE_EXTERN = NO;
				GCC_WARN_ABOUT_RETURN_TYPE = YES;
				GCC_WARN_UNINITIALIZED_AUTOS = YES;
				GCC_WARN_UNUSED_VARIABLE = YES;
				IPHONEOS_DEPLOYMENT_TARGET = 5.1;
				ONLY_ACTIVE_ARCH = YES;
				SDKROOT = iphoneos;
				TARGETED_DEVICE_FAMILY = "1,2";
			};
			name = Debug;
		};
		A2E1F9F91671262B003AF91B /* Release */ = {
			isa = XCBuildConfiguration;
			buildSettings = {
				ALWAYS_SEARCH_USER_PATHS = NO;
				CLANG_CXX_LANGUAGE_STANDARD = "gnu++0x";
				CLANG_CXX_LIBRARY = "libc++";
				CLANG_ENABLE_OBJC_ARC = YES;
				CLANG_WARN_EMPTY_BODY = YES;
				CLANG_WARN__DUPLICATE_METHOD_MATCH = YES;
				"CODE_SIGN_IDENTITY[sdk=iphoneos*]" = "iPhone Developer";
				COPY_PHASE_STRIP = YES;
				GCC_C_LANGUAGE_STANDARD = gnu99;
				GCC_WARN_ABOUT_RETURN_TYPE = YES;
				GCC_WARN_UNINITIALIZED_AUTOS = YES;
				GCC_WARN_UNUSED_VARIABLE = YES;
				IPHONEOS_DEPLOYMENT_TARGET = 5.1;
				OTHER_CFLAGS = "-DNS_BLOCK_ASSERTIONS=1";
				SDKROOT = iphoneos;
				TARGETED_DEVICE_FAMILY = "1,2";
				VALIDATE_PRODUCT = YES;
			};
			name = Release;
		};
		A2E1F9FB1671262B003AF91B /* Debug */ = {
			isa = XCBuildConfiguration;
			baseConfigurationReference = E4FD452BDBDE47F68CEC64C0 /* Pods.xcconfig */;
			buildSettings = {
				GCC_PRECOMPILE_PREFIX_HEADER = YES;
				GCC_PREFIX_HEADER = "DiplomProject/DiplomProject-Prefix.pch";
				INFOPLIST_FILE = "DiplomProject/DiplomProject-Info.plist";
				PRODUCT_NAME = "$(TARGET_NAME)";
				WRAPPER_EXTENSION = app;
			};
			name = Debug;
		};
		A2E1F9FC1671262B003AF91B /* Release */ = {
			isa = XCBuildConfiguration;
			baseConfigurationReference = E4FD452BDBDE47F68CEC64C0 /* Pods.xcconfig */;
			buildSettings = {
				GCC_PRECOMPILE_PREFIX_HEADER = YES;
				GCC_PREFIX_HEADER = "DiplomProject/DiplomProject-Prefix.pch";
				INFOPLIST_FILE = "DiplomProject/DiplomProject-Info.plist";
				PRODUCT_NAME = "$(TARGET_NAME)";
				WRAPPER_EXTENSION = app;
			};
			name = Release;
		};
/* End XCBuildConfiguration section */

/* Begin XCConfigurationList section */
		A2E1F9D61671262B003AF91B /* Build configuration list for PBXProject "DiplomProject" */ = {
			isa = XCConfigurationList;
			buildConfigurations = (
				A2E1F9F81671262B003AF91B /* Debug */,
				A2E1F9F91671262B003AF91B /* Release */,
			);
			defaultConfigurationIsVisible = 0;
			defaultConfigurationName = Release;
		};
		A2E1F9FA1671262B003AF91B /* Build configuration list for PBXNativeTarget "DiplomProject" */ = {
			isa = XCConfigurationList;
			buildConfigurations = (
				A2E1F9FB1671262B003AF91B /* Debug */,
				A2E1F9FC1671262B003AF91B /* Release */,
			);
			defaultConfigurationIsVisible = 0;
			defaultConfigurationName = Release;
		};
/* End XCConfigurationList section */
	};
	rootObject = A2E1F9D31671262B003AF91B /* Project object */;
}
